
Microsoft Visual Studio Solution File, Format Version 12.00
# Visual Studio Version 16
VisualStudioVersion = 16.0.31112.23
MinimumVisualStudioVersion = 10.0.40219.1
Project("{2150E333-8FDC-42A3-9474-1A3956D46DE8}") = "01-API", "01-API", "{109EF941-FB58-4B66-8B94-A09E5BB37533}"
EndProject
Project("{2150E333-8FDC-42A3-9474-1A3956D46DE8}") = "WindowsService", "WindowsService", "{9C212DC2-5B1D-42E9-9975-08831245A89F}"
EndProject
Project("{2150E333-8FDC-42A3-9474-1A3956D46DE8}") = "02-Application", "02-Application", "{97A76DC7-858F-4A9F-94A7-93696B84BF74}"
EndProject
Project("{2150E333-8FDC-42A3-9474-1A3956D46DE8}") = "03-Domain", "03-Domain", "{09B29EEC-ADF5-4A93-9EB0-81E3F02CCECF}"
EndProject
Project("{9A19103F-16F7-4668-BE54-9A1E7A4F7556}") = "ServicoWindows", "ServicoWindows\ServicoWindows.csproj", "{2C64A87D-62F8-464F-AC27-EEA66EE2B3EC}"
EndProject
Project("{9A19103F-16F7-4668-BE54-9A1E7A4F7556}") = "Services", "Services\Services.csproj", "{F4A2F6AC-74D9-481F-AA1E-7E13B5E771DD}"
EndProject
Project("{9A19103F-16F7-4668-BE54-9A1E7A4F7556}") = "Repository", "Repository\Repository.csproj", "{1AAC4F47-2703-4F1E-8D78-3BA2C6FA0CDE}"
EndProject
Project("{2150E333-8FDC-42A3-9474-1A3956D46DE8}") = "04-Infra", "04-Infra", "{A39E686A-68A2-4EA0-99EC-59256CD6D5DE}"
EndProject
Project("{2150E333-8FDC-42A3-9474-1A3956D46DE8}") = "04.2-CrossCutting", "04.2-CrossCutting", "{0B117B94-656F-4431-9EA2-25F9E55D8EB1}"
EndProject
Project("{9A19103F-16F7-4668-BE54-9A1E7A4F7556}") = "IoC", "IoC\IoC.csproj", "{317D37E6-812A-44F2-9318-EE2C4F1AED8D}"
EndProject
Project("{2150E333-8FDC-42A3-9474-1A3956D46DE8}") = "04.1-Data", "04.1-Data", "{DA8769E3-423A-4439-8B07-8BDC98DA9CA9}"
EndProject
Project("{9A19103F-16F7-4668-BE54-9A1E7A4F7556}") = "Data", "Data\Data.csproj", "{83EC38A4-703C-40E3-B9D0-C9DE64DEE12D}"
EndProject
Project("{9A19103F-16F7-4668-BE54-9A1E7A4F7556}") = "Utils", "Utils\Utils.csproj", "{3AFE7BAE-F85E-48EE-A82A-C66FB3B74C33}"
EndProject
Project("{9A19103F-16F7-4668-BE54-9A1E7A4F7556}") = "Swagger", "Swagger\Swagger.csproj", "{12B73557-93D6-43FB-B7BA-4B44BFDA6969}"
EndProject
Project("{9A19103F-16F7-4668-BE54-9A1E7A4F7556}") = "ExceptionHandler", "ExceptionHandler\ExceptionHandler.csproj", "{3DEB9C75-9EA0-48FA-B2CD-CDDBE6A1C273}"
EndProject
Project("{9A19103F-16F7-4668-BE54-9A1E7A4F7556}") = "API", "API\API.csproj", "{F2234E27-1FEB-4AA3-9D7D-0BCE5BE2A1C2}"
EndProject
Project("{9A19103F-16F7-4668-BE54-9A1E7A4F7556}") = "Authenticate", "Authenticate\Authenticate.csproj", "{81C184A7-4510-44CC-9272-4F64453A04CA}"
EndProject
Project("{9A19103F-16F7-4668-BE54-9A1E7A4F7556}") = "WebDrivers", "WebDrivers\WebDrivers.csproj", "{844109A3-7265-42EE-A2D5-EFB33555501E}"
EndProject
Project("{9A19103F-16F7-4668-BE54-9A1E7A4F7556}") = "Shared", "Shared\Shared.csproj", "{8A980E96-0A65-451F-B81A-D0D985054717}"
EndProject
Project("{9A19103F-16F7-4668-BE54-9A1E7A4F7556}") = "BreakCaptcha", "BreakCaptcha\BreakCaptcha.csproj", "{B2EC52FF-99FC-476A-881A-CB09BDA61153}"
EndProject
Global
	GlobalSection(SolutionConfigurationPlatforms) = preSolution
		Debug|Any CPU = Debug|Any CPU
		Release|Any CPU = Release|Any CPU
	EndGlobalSection
	GlobalSection(ProjectConfigurationPlatforms) = postSolution
		{2C64A87D-62F8-464F-AC27-EEA66EE2B3EC}.Debug|Any CPU.ActiveCfg = Debug|Any CPU
		{2C64A87D-62F8-464F-AC27-EEA66EE2B3EC}.Debug|Any CPU.Build.0 = Debug|Any CPU
		{2C64A87D-62F8-464F-AC27-EEA66EE2B3EC}.Release|Any CPU.ActiveCfg = Release|Any CPU
		{2C64A87D-62F8-464F-AC27-EEA66EE2B3EC}.Release|Any CPU.Build.0 = Release|Any CPU
		{F4A2F6AC-74D9-481F-AA1E-7E13B5E771DD}.Debug|Any CPU.ActiveCfg = Debug|Any CPU
		{F4A2F6AC-74D9-481F-AA1E-7E13B5E771DD}.Debug|Any CPU.Build.0 = Debug|Any CPU
		{F4A2F6AC-74D9-481F-AA1E-7E13B5E771DD}.Release|Any CPU.ActiveCfg = Release|Any CPU
		{F4A2F6AC-74D9-481F-AA1E-7E13B5E771DD}.Release|Any CPU.Build.0 = Release|Any CPU
		{1AAC4F47-2703-4F1E-8D78-3BA2C6FA0CDE}.Debug|Any CPU.ActiveCfg = Debug|Any CPU
		{1AAC4F47-2703-4F1E-8D78-3BA2C6FA0CDE}.Debug|Any CPU.Build.0 = Debug|Any CPU
		{1AAC4F47-2703-4F1E-8D78-3BA2C6FA0CDE}.Release|Any CPU.ActiveCfg = Release|Any CPU
		{1AAC4F47-2703-4F1E-8D78-3BA2C6FA0CDE}.Release|Any CPU.Build.0 = Release|Any CPU
		{317D37E6-812A-44F2-9318-EE2C4F1AED8D}.Debug|Any CPU.ActiveCfg = Debug|Any CPU
		{317D37E6-812A-44F2-9318-EE2C4F1AED8D}.Debug|Any CPU.Build.0 = Debug|Any CPU
		{317D37E6-812A-44F2-9318-EE2C4F1AED8D}.Release|Any CPU.ActiveCfg = Release|Any CPU
		{317D37E6-812A-44F2-9318-EE2C4F1AED8D}.Release|Any CPU.Build.0 = Release|Any CPU
		{83EC38A4-703C-40E3-B9D0-C9DE64DEE12D}.Debug|Any CPU.ActiveCfg = Debug|Any CPU
		{83EC38A4-703C-40E3-B9D0-C9DE64DEE12D}.Debug|Any CPU.Build.0 = Debug|Any CPU
		{83EC38A4-703C-40E3-B9D0-C9DE64DEE12D}.Release|Any CPU.ActiveCfg = Release|Any CPU
		{83EC38A4-703C-40E3-B9D0-C9DE64DEE12D}.Release|Any CPU.Build.0 = Release|Any CPU
		{3AFE7BAE-F85E-48EE-A82A-C66FB3B74C33}.Debug|Any CPU.ActiveCfg = Debug|Any CPU
		{3AFE7BAE-F85E-48EE-A82A-C66FB3B74C33}.Debug|Any CPU.Build.0 = Debug|Any CPU
		{3AFE7BAE-F85E-48EE-A82A-C66FB3B74C33}.Release|Any CPU.ActiveCfg = Release|Any CPU
		{3AFE7BAE-F85E-48EE-A82A-C66FB3B74C33}.Release|Any CPU.Build.0 = Release|Any CPU
		{12B73557-93D6-43FB-B7BA-4B44BFDA6969}.Debug|Any CPU.ActiveCfg = Debug|Any CPU
		{12B73557-93D6-43FB-B7BA-4B44BFDA6969}.Debug|Any CPU.Build.0 = Debug|Any CPU
		{12B73557-93D6-43FB-B7BA-4B44BFDA6969}.Release|Any CPU.ActiveCfg = Release|Any CPU
		{12B73557-93D6-43FB-B7BA-4B44BFDA6969}.Release|Any CPU.Build.0 = Release|Any CPU
		{3DEB9C75-9EA0-48FA-B2CD-CDDBE6A1C273}.Debug|Any CPU.ActiveCfg = Debug|Any CPU
		{3DEB9C75-9EA0-48FA-B2CD-CDDBE6A1C273}.Debug|Any CPU.Build.0 = Debug|Any CPU
		{3DEB9C75-9EA0-48FA-B2CD-CDDBE6A1C273}.Release|Any CPU.ActiveCfg = Release|Any CPU
		{3DEB9C75-9EA0-48FA-B2CD-CDDBE6A1C273}.Release|Any CPU.Build.0 = Release|Any CPU
		{F2234E27-1FEB-4AA3-9D7D-0BCE5BE2A1C2}.Debug|Any CPU.ActiveCfg = Debug|Any CPU
		{F2234E27-1FEB-4AA3-9D7D-0BCE5BE2A1C2}.Debug|Any CPU.Build.0 = Debug|Any CPU
		{F2234E27-1FEB-4AA3-9D7D-0BCE5BE2A1C2}.Release|Any CPU.ActiveCfg = Release|Any CPU
		{F2234E27-1FEB-4AA3-9D7D-0BCE5BE2A1C2}.Release|Any CPU.Build.0 = Release|Any CPU
		{81C184A7-4510-44CC-9272-4F64453A04CA}.Debug|Any CPU.ActiveCfg = Debug|Any CPU
		{81C184A7-4510-44CC-9272-4F64453A04CA}.Debug|Any CPU.Build.0 = Debug|Any CPU
		{81C184A7-4510-44CC-9272-4F64453A04CA}.Release|Any CPU.ActiveCfg = Release|Any CPU
		{81C184A7-4510-44CC-9272-4F64453A04CA}.Release|Any CPU.Build.0 = Release|Any CPU
		{844109A3-7265-42EE-A2D5-EFB33555501E}.Debug|Any CPU.ActiveCfg = Debug|Any CPU
		{844109A3-7265-42EE-A2D5-EFB33555501E}.Debug|Any CPU.Build.0 = Debug|Any CPU
		{844109A3-7265-42EE-A2D5-EFB33555501E}.Release|Any CPU.ActiveCfg = Release|Any CPU
		{844109A3-7265-42EE-A2D5-EFB33555501E}.Release|Any CPU.Build.0 = Release|Any CPU
		{8A980E96-0A65-451F-B81A-D0D985054717}.Debug|Any CPU.ActiveCfg = Debug|Any CPU
		{8A980E96-0A65-451F-B81A-D0D985054717}.Debug|Any CPU.Build.0 = Debug|Any CPU
		{8A980E96-0A65-451F-B81A-D0D985054717}.Release|Any CPU.ActiveCfg = Release|Any CPU
		{8A980E96-0A65-451F-B81A-D0D985054717}.Release|Any CPU.Build.0 = Release|Any CPU
		{B2EC52FF-99FC-476A-881A-CB09BDA61153}.Debug|Any CPU.ActiveCfg = Debug|Any CPU
		{B2EC52FF-99FC-476A-881A-CB09BDA61153}.Debug|Any CPU.Build.0 = Debug|Any CPU
		{B2EC52FF-99FC-476A-881A-CB09BDA61153}.Release|Any CPU.ActiveCfg = Release|Any CPU
		{B2EC52FF-99FC-476A-881A-CB09BDA61153}.Release|Any CPU.Build.0 = Release|Any CPU
	EndGlobalSection
	GlobalSection(SolutionProperties) = preSolution
		HideSolutionNode = FALSE
	EndGlobalSection
	GlobalSection(NestedProjects) = preSolution
		{2C64A87D-62F8-464F-AC27-EEA66EE2B3EC} = {9C212DC2-5B1D-42E9-9975-08831245A89F}
		{F4A2F6AC-74D9-481F-AA1E-7E13B5E771DD} = {97A76DC7-858F-4A9F-94A7-93696B84BF74}
		{1AAC4F47-2703-4F1E-8D78-3BA2C6FA0CDE} = {09B29EEC-ADF5-4A93-9EB0-81E3F02CCECF}
		{0B117B94-656F-4431-9EA2-25F9E55D8EB1} = {A39E686A-68A2-4EA0-99EC-59256CD6D5DE}
		{317D37E6-812A-44F2-9318-EE2C4F1AED8D} = {0B117B94-656F-4431-9EA2-25F9E55D8EB1}
		{DA8769E3-423A-4439-8B07-8BDC98DA9CA9} = {A39E686A-68A2-4EA0-99EC-59256CD6D5DE}
		{83EC38A4-703C-40E3-B9D0-C9DE64DEE12D} = {DA8769E3-423A-4439-8B07-8BDC98DA9CA9}
		{3AFE7BAE-F85E-48EE-A82A-C66FB3B74C33} = {0B117B94-656F-4431-9EA2-25F9E55D8EB1}
		{12B73557-93D6-43FB-B7BA-4B44BFDA6969} = {0B117B94-656F-4431-9EA2-25F9E55D8EB1}
		{3DEB9C75-9EA0-48FA-B2CD-CDDBE6A1C273} = {0B117B94-656F-4431-9EA2-25F9E55D8EB1}
		{F2234E27-1FEB-4AA3-9D7D-0BCE5BE2A1C2} = {109EF941-FB58-4B66-8B94-A09E5BB37533}
		{81C184A7-4510-44CC-9272-4F64453A04CA} = {0B117B94-656F-4431-9EA2-25F9E55D8EB1}
		{844109A3-7265-42EE-A2D5-EFB33555501E} = {0B117B94-656F-4431-9EA2-25F9E55D8EB1}
		{8A980E96-0A65-451F-B81A-D0D985054717} = {09B29EEC-ADF5-4A93-9EB0-81E3F02CCECF}
		{B2EC52FF-99FC-476A-881A-CB09BDA61153} = {0B117B94-656F-4431-9EA2-25F9E55D8EB1}
	EndGlobalSection
	GlobalSection(ExtensibilityGlobals) = postSolution
		SolutionGuid = {41DBB774-63C0-4867-8BB2-05A7183F46F3}
	EndGlobalSection
EndGlobal
